
Microsoft Visual Studio Solution File, Format Version 12.00
# Visual Studio Version 16
VisualStudioVersion = 16.0.30907.101
MinimumVisualStudioVersion = 10.0.40219.1
Project("{9A19103F-16F7-4668-BE54-9A1E7A4F7556}") = "Entities", "Entities\Entities.csproj", "{5C947CF6-5CE2-4C80-8081-16CB1225601F}"
EndProject
Project("{9A19103F-16F7-4668-BE54-9A1E7A4F7556}") = "DataAccess", "DataAccess\DataAccess.csproj", "{A0665E2E-6AED-4615-B82E-670397C5E381}"
EndProject
Project("{9A19103F-16F7-4668-BE54-9A1E7A4F7556}") = "Business", "Business\Business.csproj", "{B0E1CA05-5AD7-4AF6-80ED-B43F9DF0297B}"
EndProject
Project("{9A19103F-16F7-4668-BE54-9A1E7A4F7556}") = "ConsoleUI", "ConsoleUI\ConsoleUI.csproj", "{F9CCDDC4-1CCA-4F69-9AB9-7412490061BB}"
EndProject
Project("{9A19103F-16F7-4668-BE54-9A1E7A4F7556}") = "Core", "Core\Core.csproj", "{849741AC-8D5A-405F-80FF-31D9DC6A5D15}"
EndProject
Project("{FAE04EC0-301F-11D3-BF4B-00C04F79EFBC}") = "WebAPI", "WebAPI\WebAPI.csproj", "{BD9F9F58-C693-4A9A-AC2A-C87375F7091A}"
EndProject
Global
	GlobalSection(SolutionConfigurationPlatforms) = preSolution
		Debug|Any CPU = Debug|Any CPU
		Release|Any CPU = Release|Any CPU
	EndGlobalSection
	GlobalSection(ProjectConfigurationPlatforms) = postSolution
		{5C947CF6-5CE2-4C80-8081-16CB1225601F}.Debug|Any CPU.ActiveCfg = Debug|Any CPU
		{5C947CF6-5CE2-4C80-8081-16CB1225601F}.Debug|Any CPU.Build.0 = Debug|Any CPU
		{5C947CF6-5CE2-4C80-8081-16CB1225601F}.Release|Any CPU.ActiveCfg = Release|Any CPU
		{5C947CF6-5CE2-4C80-8081-16CB1225601F}.Release|Any CPU.Build.0 = Release|Any CPU
		{A0665E2E-6AED-4615-B82E-670397C5E381}.Debug|Any CPU.ActiveCfg = Debug|Any CPU
		{A0665E2E-6AED-4615-B82E-670397C5E381}.Debug|Any CPU.Build.0 = Debug|Any CPU
		{A0665E2E-6AED-4615-B82E-670397C5E381}.Release|Any CPU.ActiveCfg = Release|Any CPU
		{A0665E2E-6AED-4615-B82E-670397C5E381}.Release|Any CPU.Build.0 = Release|Any CPU
		{B0E1CA05-5AD7-4AF6-80ED-B43F9DF0297B}.Debug|Any CPU.ActiveCfg = Debug|Any CPU
		{B0E1CA05-5AD7-4AF6-80ED-B43F9DF0297B}.Debug|Any CPU.Build.0 = Debug|Any CPU
		{B0E1CA05-5AD7-4AF6-80ED-B43F9DF0297B}.Release|Any CPU.ActiveCfg = Release|Any CPU
		{B0E1CA05-5AD7-4AF6-80ED-B43F9DF0297B}.Release|Any CPU.Build.0 = Release|Any CPU
		{F9CCDDC4-1CCA-4F69-9AB9-7412490061BB}.Debug|Any CPU.ActiveCfg = Debug|Any CPU
		{F9CCDDC4-1CCA-4F69-9AB9-7412490061BB}.Debug|Any CPU.Build.0 = Debug|Any CPU
		{F9CCDDC4-1CCA-4F69-9AB9-7412490061BB}.Release|Any CPU.ActiveCfg = Release|Any CPU
		{F9CCDDC4-1CCA-4F69-9AB9-7412490061BB}.Release|Any CPU.Build.0 = Release|Any CPU
		{849741AC-8D5A-405F-80FF-31D9DC6A5D15}.Debug|Any CPU.ActiveCfg = Debug|Any CPU
		{849741AC-8D5A-405F-80FF-31D9DC6A5D15}.Debug|Any CPU.Build.0 = Debug|Any CPU
		{849741AC-8D5A-405F-80FF-31D9DC6A5D15}.Release|Any CPU.ActiveCfg = Release|Any CPU
		{849741AC-8D5A-405F-80FF-31D9DC6A5D15}.Release|Any CPU.Build.0 = Release|Any CPU
		{BD9F9F58-C693-4A9A-AC2A-C87375F7091A}.Debug|Any CPU.ActiveCfg = Debug|Any CPU
		{BD9F9F58-C693-4A9A-AC2A-C87375F7091A}.Debug|Any CPU.Build.0 = Debug|Any CPU
		{BD9F9F58-C693-4A9A-AC2A-C87375F7091A}.Release|Any CPU.ActiveCfg = Release|Any CPU
		{BD9F9F58-C693-4A9A-AC2A-C87375F7091A}.Release|Any CPU.Build.0 = Release|Any CPU
	EndGlobalSection
	GlobalSection(SolutionProperties) = preSolution
		HideSolutionNode = FALSE
	EndGlobalSection
	GlobalSection(ExtensibilityGlobals) = postSolution
		SolutionGuid = {25BE0A33-CFA0-4FA5-81DC-A28749505CCB}
	EndGlobalSection
EndGlobal
